
Microsoft Visual Studio Solution File, Format Version 12.00
# Visual Studio Version 16
VisualStudioVersion = 16.0.29209.62
MinimumVisualStudioVersion = 10.0.40219.1
Project("{9A19103F-16F7-4668-BE54-9A1E7A4F7556}") = "DnDTracker.Web", "DnDTracker.Web\DnDTracker.Web.csproj", "{408E7835-2F5A-49C8-ADE0-44F1FC7206EE}"
EndProject
Project("{FAE04EC0-301F-11D3-BF4B-00C04F79EFBC}") = "DnDTracker.Tests", "DnDTracker.Tests\DnDTracker.Tests.csproj", "{7F61C1D2-96FD-43EA-A177-8BE382FEA587}"
EndProject
Global
	GlobalSection(SolutionConfigurationPlatforms) = preSolution
		Debug|Any CPU = Debug|Any CPU
		Release|Any CPU = Release|Any CPU
	EndGlobalSection
	GlobalSection(ProjectConfigurationPlatforms) = postSolution
		{408E7835-2F5A-49C8-ADE0-44F1FC7206EE}.Debug|Any CPU.ActiveCfg = Debug|Any CPU
		{408E7835-2F5A-49C8-ADE0-44F1FC7206EE}.Debug|Any CPU.Build.0 = Debug|Any CPU
		{408E7835-2F5A-49C8-ADE0-44F1FC7206EE}.Release|Any CPU.ActiveCfg = Release|Any CPU
		{408E7835-2F5A-49C8-ADE0-44F1FC7206EE}.Release|Any CPU.Build.0 = Release|Any CPU
		{7F61C1D2-96FD-43EA-A177-8BE382FEA587}.Debug|Any CPU.ActiveCfg = Debug|Any CPU
		{7F61C1D2-96FD-43EA-A177-8BE382FEA587}.Debug|Any CPU.Build.0 = Debug|Any CPU
		{7F61C1D2-96FD-43EA-A177-8BE382FEA587}.Release|Any CPU.ActiveCfg = Release|Any CPU
		{7F61C1D2-96FD-43EA-A177-8BE382FEA587}.Release|Any CPU.Build.0 = Release|Any CPU
	EndGlobalSection
	GlobalSection(SolutionProperties) = preSolution
		HideSolutionNode = FALSE
	EndGlobalSection
	GlobalSection(ExtensibilityGlobals) = postSolution
		SolutionGuid = {D85C7DBF-475E-4E37-9A41-A2011984AD3B}
	EndGlobalSection
EndGlobal
